
Microsoft Visual Studio Solution File, Format Version 12.00
# Visual Studio Version 17
VisualStudioVersion = 17.2.32630.192
MinimumVisualStudioVersion = 10.0.40219.1
Project("{FAE04EC0-301F-11D3-BF4B-00C04F79EFBC}") = "Telegram_Bot_Explosion", "Telegram_Bot_Explosion\Telegram_Bot_Explosion.csproj", "{3F781025-9D95-48B4-A401-BA75B6F901B7}"
EndProject
Global
	GlobalSection(SolutionConfigurationPlatforms) = preSolution
		Debug|Any CPU = Debug|Any CPU
		Debug|x64 = Debug|x64
		Release|Any CPU = Release|Any CPU
		Release|x64 = Release|x64
	EndGlobalSection
	GlobalSection(ProjectConfigurationPlatforms) = postSolution
		{3F781025-9D95-48B4-A401-BA75B6F901B7}.Debug|Any CPU.ActiveCfg = Debug|Any CPU
		{3F781025-9D95-48B4-A401-BA75B6F901B7}.Debug|Any CPU.Build.0 = Debug|Any CPU
		{3F781025-9D95-48B4-A401-BA75B6F901B7}.Debug|x64.ActiveCfg = Debug|x64
		{3F781025-9D95-48B4-A401-BA75B6F901B7}.Debug|x64.Build.0 = Debug|x64
		{3F781025-9D95-48B4-A401-BA75B6F901B7}.Release|Any CPU.ActiveCfg = Release|Any CPU
		{3F781025-9D95-48B4-A401-BA75B6F901B7}.Release|Any CPU.Build.0 = Release|Any CPU
		{3F781025-9D95-48B4-A401-BA75B6F901B7}.Release|x64.ActiveCfg = Release|x64
		{3F781025-9D95-48B4-A401-BA75B6F901B7}.Release|x64.Build.0 = Release|x64
	EndGlobalSection
	GlobalSection(SolutionProperties) = preSolution
		HideSolutionNode = FALSE
	EndGlobalSection
	GlobalSection(ExtensibilityGlobals) = postSolution
		SolutionGuid = {3DE17417-2D1D-409E-991E-B8DF24072E9D}
	EndGlobalSection
EndGlobal
